
Microsoft Visual Studio Solution File, Format Version 12.00
# Visual Studio Version 17
VisualStudioVersion = 17.0.31710.8
MinimumVisualStudioVersion = 10.0.40219.1
Project("{FAE04EC0-301F-11D3-BF4B-00C04F79EFBC}") = "DaprFrontEnd", "DaprFrontEnd\DaprFrontEnd.csproj", "{C0D7356E-FFED-4E3D-A90E-92FE14027288}"
EndProject
Project("{E53339B2-1760-4266-BCC7-CA923CBCF16C}") = "docker-compose", "docker-compose.dcproj", "{2F8FC38D-70C4-4B4D-BDB9-42D52118AA3A}"
EndProject
Project("{FAE04EC0-301F-11D3-BF4B-00C04F79EFBC}") = "DaprBackend", "DaprBackend\DaprBackend.csproj", "{6FF7A458-E529-49B7-BA19-00EC4DD8316E}"
EndProject
Global
	GlobalSection(SolutionConfigurationPlatforms) = preSolution
		Debug|Any CPU = Debug|Any CPU
		Release|Any CPU = Release|Any CPU
	EndGlobalSection
	GlobalSection(ProjectConfigurationPlatforms) = postSolution
		{C0D7356E-FFED-4E3D-A90E-92FE14027288}.Debug|Any CPU.ActiveCfg = Debug|Any CPU
		{C0D7356E-FFED-4E3D-A90E-92FE14027288}.Debug|Any CPU.Build.0 = Debug|Any CPU
		{C0D7356E-FFED-4E3D-A90E-92FE14027288}.Release|Any CPU.ActiveCfg = Release|Any CPU
		{C0D7356E-FFED-4E3D-A90E-92FE14027288}.Release|Any CPU.Build.0 = Release|Any CPU
		{2F8FC38D-70C4-4B4D-BDB9-42D52118AA3A}.Debug|Any CPU.ActiveCfg = Debug|Any CPU
		{2F8FC38D-70C4-4B4D-BDB9-42D52118AA3A}.Debug|Any CPU.Build.0 = Debug|Any CPU
		{2F8FC38D-70C4-4B4D-BDB9-42D52118AA3A}.Release|Any CPU.ActiveCfg = Release|Any CPU
		{2F8FC38D-70C4-4B4D-BDB9-42D52118AA3A}.Release|Any CPU.Build.0 = Release|Any CPU
		{6FF7A458-E529-49B7-BA19-00EC4DD8316E}.Debug|Any CPU.ActiveCfg = Debug|Any CPU
		{6FF7A458-E529-49B7-BA19-00EC4DD8316E}.Debug|Any CPU.Build.0 = Debug|Any CPU
		{6FF7A458-E529-49B7-BA19-00EC4DD8316E}.Release|Any CPU.ActiveCfg = Release|Any CPU
		{6FF7A458-E529-49B7-BA19-00EC4DD8316E}.Release|Any CPU.Build.0 = Release|Any CPU
	EndGlobalSection
	GlobalSection(SolutionProperties) = preSolution
		HideSolutionNode = FALSE
	EndGlobalSection
	GlobalSection(ExtensibilityGlobals) = postSolution
		SolutionGuid = {1F2D7B74-8140-422D-BD38-30745BC81C8F}
	EndGlobalSection
EndGlobal
