
Microsoft Visual Studio Solution File, Format Version 12.00
# Visual Studio Version 17
VisualStudioVersion = 17.0.31710.8
MinimumVisualStudioVersion = 10.0.40219.1
Project("{2150E333-8FDC-42A3-9474-1A3956D46DE8}") = "Identity", "Identity", "{9430D68D-1E01-4B1D-B9EA-895D08896096}"
EndProject
Project("{FAE04EC0-301F-11D3-BF4B-00C04F79EFBC}") = "XeroDemo.Identity.Web", "Identity\XeroDemo.Identity.Web\XeroDemo.Identity.Web.csproj", "{580BBC3F-3401-480D-946D-B6B2D7C724BA}"
EndProject
Project("{E53339B2-1760-4266-BCC7-CA923CBCF16C}") = "docker-compose", "docker-compose.dcproj", "{426F964C-5F4F-41E1-B461-60A47C7C931F}"
EndProject
Global
	GlobalSection(SolutionConfigurationPlatforms) = preSolution
		Debug|Any CPU = Debug|Any CPU
		Release|Any CPU = Release|Any CPU
	EndGlobalSection
	GlobalSection(ProjectConfigurationPlatforms) = postSolution
		{580BBC3F-3401-480D-946D-B6B2D7C724BA}.Debug|Any CPU.ActiveCfg = Debug|Any CPU
		{580BBC3F-3401-480D-946D-B6B2D7C724BA}.Debug|Any CPU.Build.0 = Debug|Any CPU
		{580BBC3F-3401-480D-946D-B6B2D7C724BA}.Release|Any CPU.ActiveCfg = Release|Any CPU
		{580BBC3F-3401-480D-946D-B6B2D7C724BA}.Release|Any CPU.Build.0 = Release|Any CPU
		{426F964C-5F4F-41E1-B461-60A47C7C931F}.Debug|Any CPU.ActiveCfg = Debug|Any CPU
		{426F964C-5F4F-41E1-B461-60A47C7C931F}.Debug|Any CPU.Build.0 = Debug|Any CPU
		{426F964C-5F4F-41E1-B461-60A47C7C931F}.Release|Any CPU.ActiveCfg = Release|Any CPU
		{426F964C-5F4F-41E1-B461-60A47C7C931F}.Release|Any CPU.Build.0 = Release|Any CPU
	EndGlobalSection
	GlobalSection(SolutionProperties) = preSolution
		HideSolutionNode = FALSE
	EndGlobalSection
	GlobalSection(NestedProjects) = preSolution
		{580BBC3F-3401-480D-946D-B6B2D7C724BA} = {9430D68D-1E01-4B1D-B9EA-895D08896096}
	EndGlobalSection
	GlobalSection(ExtensibilityGlobals) = postSolution
		SolutionGuid = {D1570123-8C21-4D69-846B-758010EDB042}
	EndGlobalSection
EndGlobal
